
Microsoft Visual Studio Solution File, Format Version 12.00
# Visual Studio Version 17
VisualStudioVersion = 17.9.34616.47
MinimumVisualStudioVersion = 10.0.40219.1
Project("{FAE04EC0-301F-11D3-BF4B-00C04F79EFBC}") = "PlateformService", "PlateformService\PlateformService.csproj", "{71C3CF6E-C95E-46DE-948B-FAD633791F15}"
EndProject
Global
	GlobalSection(SolutionConfigurationPlatforms) = preSolution
		Debug|Any CPU = Debug|Any CPU
		Release|Any CPU = Release|Any CPU
	EndGlobalSection
	GlobalSection(ProjectConfigurationPlatforms) = postSolution
		{71C3CF6E-C95E-46DE-948B-FAD633791F15}.Debug|Any CPU.ActiveCfg = Debug|Any CPU
		{71C3CF6E-C95E-46DE-948B-FAD633791F15}.Debug|Any CPU.Build.0 = Debug|Any CPU
		{71C3CF6E-C95E-46DE-948B-FAD633791F15}.Release|Any CPU.ActiveCfg = Release|Any CPU
		{71C3CF6E-C95E-46DE-948B-FAD633791F15}.Release|Any CPU.Build.0 = Release|Any CPU
	EndGlobalSection
	GlobalSection(SolutionProperties) = preSolution
		HideSolutionNode = FALSE
	EndGlobalSection
	GlobalSection(ExtensibilityGlobals) = postSolution
		SolutionGuid = {EF6E5D73-F9A3-47ED-BCF6-FD9AD4946A81}
	EndGlobalSection
EndGlobal
